
Microsoft Visual Studio Solution File, Format Version 12.00
# Visual Studio Version 17
VisualStudioVersion = 17.5.33530.505
MinimumVisualStudioVersion = 10.0.40219.1
Project("{9A19103F-16F7-4668-BE54-9A1E7A4F7556}") = "FluentCalculatorApp", "FluentCalculatorApp.csproj", "{B07158AC-01A3-4376-9700-481888FC3834}"
EndProject
Global
	GlobalSection(SolutionConfigurationPlatforms) = preSolution
		Debug|Any CPU = Debug|Any CPU
		Release|Any CPU = Release|Any CPU
	EndGlobalSection
	GlobalSection(ProjectConfigurationPlatforms) = postSolution
		{B07158AC-01A3-4376-9700-481888FC3834}.Debug|Any CPU.ActiveCfg = Debug|Any CPU
		{B07158AC-01A3-4376-9700-481888FC3834}.Debug|Any CPU.Build.0 = Debug|Any CPU
		{B07158AC-01A3-4376-9700-481888FC3834}.Release|Any CPU.ActiveCfg = Release|Any CPU
		{B07158AC-01A3-4376-9700-481888FC3834}.Release|Any CPU.Build.0 = Release|Any CPU
	EndGlobalSection
	GlobalSection(SolutionProperties) = preSolution
		HideSolutionNode = FALSE
	EndGlobalSection
	GlobalSection(ExtensibilityGlobals) = postSolution
		SolutionGuid = {2EAA5657-4ABD-4FAD-9E84-3C2537E3DADD}
	EndGlobalSection
EndGlobal
